
Microsoft Visual Studio Solution File, Format Version 12.00
# Visual Studio 15
VisualStudioVersion = 15.0.26730.16
MinimumVisualStudioVersion = 10.0.40219.1
Project("{FAE04EC0-301F-11D3-BF4B-00C04F79EFBC}") = "01. Reverse Strings", "01. Reverse Strings\01. Reverse Strings.csproj", "{187599F2-DCB1-4E48-B620-FAC11697E8B0}"
EndProject
Project("{FAE04EC0-301F-11D3-BF4B-00C04F79EFBC}") = "02. Simple Calculator", "02. Simple Calculator\02. Simple Calculator.csproj", "{9E960986-CADD-4E17-B94F-FE44DC85D630}"
EndProject
Project("{FAE04EC0-301F-11D3-BF4B-00C04F79EFBC}") = "03. Decimal to Binary Converter", "03. Decimal to Binary Converter\03. Decimal to Binary Converter.csproj", "{86C2C5A6-4F56-48FE-8066-4B7869B32172}"
EndProject
Project("{FAE04EC0-301F-11D3-BF4B-00C04F79EFBC}") = "04. Matching Brackets", "04. Matching Brackets\04. Matching Brackets.csproj", "{B7078F2D-D7DB-4E31-AD93-C3A4A418B987}"
EndProject
Project("{FAE04EC0-301F-11D3-BF4B-00C04F79EFBC}") = "05. Hot Potato", "05. Hot Potato\05. Hot Potato.csproj", "{05C2AD66-7BFC-4C0F-9E11-181508957AAA}"
EndProject
Global
	GlobalSection(SolutionConfigurationPlatforms) = preSolution
		Debug|Any CPU = Debug|Any CPU
		Release|Any CPU = Release|Any CPU
	EndGlobalSection
	GlobalSection(ProjectConfigurationPlatforms) = postSolution
		{187599F2-DCB1-4E48-B620-FAC11697E8B0}.Debug|Any CPU.ActiveCfg = Debug|Any CPU
		{187599F2-DCB1-4E48-B620-FAC11697E8B0}.Debug|Any CPU.Build.0 = Debug|Any CPU
		{187599F2-DCB1-4E48-B620-FAC11697E8B0}.Release|Any CPU.ActiveCfg = Release|Any CPU
		{187599F2-DCB1-4E48-B620-FAC11697E8B0}.Release|Any CPU.Build.0 = Release|Any CPU
		{9E960986-CADD-4E17-B94F-FE44DC85D630}.Debug|Any CPU.ActiveCfg = Debug|Any CPU
		{9E960986-CADD-4E17-B94F-FE44DC85D630}.Debug|Any CPU.Build.0 = Debug|Any CPU
		{9E960986-CADD-4E17-B94F-FE44DC85D630}.Release|Any CPU.ActiveCfg = Release|Any CPU
		{9E960986-CADD-4E17-B94F-FE44DC85D630}.Release|Any CPU.Build.0 = Release|Any CPU
		{86C2C5A6-4F56-48FE-8066-4B7869B32172}.Debug|Any CPU.ActiveCfg = Debug|Any CPU
		{86C2C5A6-4F56-48FE-8066-4B7869B32172}.Debug|Any CPU.Build.0 = Debug|Any CPU
		{86C2C5A6-4F56-48FE-8066-4B7869B32172}.Release|Any CPU.ActiveCfg = Release|Any CPU
		{86C2C5A6-4F56-48FE-8066-4B7869B32172}.Release|Any CPU.Build.0 = Release|Any CPU
		{B7078F2D-D7DB-4E31-AD93-C3A4A418B987}.Debug|Any CPU.ActiveCfg = Debug|Any CPU
		{B7078F2D-D7DB-4E31-AD93-C3A4A418B987}.Debug|Any CPU.Build.0 = Debug|Any CPU
		{B7078F2D-D7DB-4E31-AD93-C3A4A418B987}.Release|Any CPU.ActiveCfg = Release|Any CPU
		{B7078F2D-D7DB-4E31-AD93-C3A4A418B987}.Release|Any CPU.Build.0 = Release|Any CPU
		{05C2AD66-7BFC-4C0F-9E11-181508957AAA}.Debug|Any CPU.ActiveCfg = Debug|Any CPU
		{05C2AD66-7BFC-4C0F-9E11-181508957AAA}.Debug|Any CPU.Build.0 = Debug|Any CPU
		{05C2AD66-7BFC-4C0F-9E11-181508957AAA}.Release|Any CPU.ActiveCfg = Release|Any CPU
		{05C2AD66-7BFC-4C0F-9E11-181508957AAA}.Release|Any CPU.Build.0 = Release|Any CPU
	EndGlobalSection
	GlobalSection(SolutionProperties) = preSolution
		HideSolutionNode = FALSE
	EndGlobalSection
	GlobalSection(ExtensibilityGlobals) = postSolution
		SolutionGuid = {DA1B8301-EC37-48AE-A315-61DB2D659BFF}
	EndGlobalSection
EndGlobal
