
Microsoft Visual Studio Solution File, Format Version 12.00
# Visual Studio 15
VisualStudioVersion = 15.0.26730.16
MinimumVisualStudioVersion = 10.0.40219.1
Project("{FAE04EC0-301F-11D3-BF4B-00C04F79EFBC}") = "01. Sort Even Numbers", "01. Sort Even Numbers\01. Sort Even Numbers.csproj", "{DD9AF602-0727-425D-B8DC-A5D995EE298B}"
EndProject
Project("{FAE04EC0-301F-11D3-BF4B-00C04F79EFBC}") = "02. Sum Numbers", "02. Sum Numbers\02. Sum Numbers.csproj", "{3946F009-4CA2-44AA-ACC9-77A872356DA4}"
EndProject
Project("{FAE04EC0-301F-11D3-BF4B-00C04F79EFBC}") = "03. Count Uppercase Words", "03. Count Uppercase Words\03. Count Uppercase Words.csproj", "{9FBCA2ED-907A-4220-9F24-F0B6568D6CB1}"
EndProject
Project("{FAE04EC0-301F-11D3-BF4B-00C04F79EFBC}") = "04. Add VAT", "04. Add VAT\04. Add VAT.csproj", "{28433E3D-AD1D-4804-8C03-0F06A6B20909}"
EndProject
Project("{FAE04EC0-301F-11D3-BF4B-00C04F79EFBC}") = "05. Filter By Age", "05. Filter By Age\05. Filter By Age.csproj", "{CDC87818-FAA5-4F22-978C-387722FE2622}"
EndProject
Global
	GlobalSection(SolutionConfigurationPlatforms) = preSolution
		Debug|Any CPU = Debug|Any CPU
		Release|Any CPU = Release|Any CPU
	EndGlobalSection
	GlobalSection(ProjectConfigurationPlatforms) = postSolution
		{DD9AF602-0727-425D-B8DC-A5D995EE298B}.Debug|Any CPU.ActiveCfg = Debug|Any CPU
		{DD9AF602-0727-425D-B8DC-A5D995EE298B}.Debug|Any CPU.Build.0 = Debug|Any CPU
		{DD9AF602-0727-425D-B8DC-A5D995EE298B}.Release|Any CPU.ActiveCfg = Release|Any CPU
		{DD9AF602-0727-425D-B8DC-A5D995EE298B}.Release|Any CPU.Build.0 = Release|Any CPU
		{3946F009-4CA2-44AA-ACC9-77A872356DA4}.Debug|Any CPU.ActiveCfg = Debug|Any CPU
		{3946F009-4CA2-44AA-ACC9-77A872356DA4}.Debug|Any CPU.Build.0 = Debug|Any CPU
		{3946F009-4CA2-44AA-ACC9-77A872356DA4}.Release|Any CPU.ActiveCfg = Release|Any CPU
		{3946F009-4CA2-44AA-ACC9-77A872356DA4}.Release|Any CPU.Build.0 = Release|Any CPU
		{9FBCA2ED-907A-4220-9F24-F0B6568D6CB1}.Debug|Any CPU.ActiveCfg = Debug|Any CPU
		{9FBCA2ED-907A-4220-9F24-F0B6568D6CB1}.Debug|Any CPU.Build.0 = Debug|Any CPU
		{9FBCA2ED-907A-4220-9F24-F0B6568D6CB1}.Release|Any CPU.ActiveCfg = Release|Any CPU
		{9FBCA2ED-907A-4220-9F24-F0B6568D6CB1}.Release|Any CPU.Build.0 = Release|Any CPU
		{28433E3D-AD1D-4804-8C03-0F06A6B20909}.Debug|Any CPU.ActiveCfg = Debug|Any CPU
		{28433E3D-AD1D-4804-8C03-0F06A6B20909}.Debug|Any CPU.Build.0 = Debug|Any CPU
		{28433E3D-AD1D-4804-8C03-0F06A6B20909}.Release|Any CPU.ActiveCfg = Release|Any CPU
		{28433E3D-AD1D-4804-8C03-0F06A6B20909}.Release|Any CPU.Build.0 = Release|Any CPU
		{CDC87818-FAA5-4F22-978C-387722FE2622}.Debug|Any CPU.ActiveCfg = Debug|Any CPU
		{CDC87818-FAA5-4F22-978C-387722FE2622}.Debug|Any CPU.Build.0 = Debug|Any CPU
		{CDC87818-FAA5-4F22-978C-387722FE2622}.Release|Any CPU.ActiveCfg = Release|Any CPU
		{CDC87818-FAA5-4F22-978C-387722FE2622}.Release|Any CPU.Build.0 = Release|Any CPU
	EndGlobalSection
	GlobalSection(SolutionProperties) = preSolution
		HideSolutionNode = FALSE
	EndGlobalSection
	GlobalSection(ExtensibilityGlobals) = postSolution
		SolutionGuid = {AAE33283-88C8-40ED-A99A-6724C5EBC7ED}
	EndGlobalSection
EndGlobal
