
Microsoft Visual Studio Solution File, Format Version 12.00
# Visual Studio 15
VisualStudioVersion = 15.0.26730.16
MinimumVisualStudioVersion = 10.0.40219.1
Project("{FAE04EC0-301F-11D3-BF4B-00C04F79EFBC}") = "01. Matrix of Palindromes", "01. Matrix of Palindromes\01. Matrix of Palindromes.csproj", "{E3B60013-387C-4518-B17D-3718F0B5E2ED}"
EndProject
Global
	GlobalSection(SolutionConfigurationPlatforms) = preSolution
		Debug|Any CPU = Debug|Any CPU
		Release|Any CPU = Release|Any CPU
	EndGlobalSection
	GlobalSection(ProjectConfigurationPlatforms) = postSolution
		{E3B60013-387C-4518-B17D-3718F0B5E2ED}.Debug|Any CPU.ActiveCfg = Debug|Any CPU
		{E3B60013-387C-4518-B17D-3718F0B5E2ED}.Debug|Any CPU.Build.0 = Debug|Any CPU
		{E3B60013-387C-4518-B17D-3718F0B5E2ED}.Release|Any CPU.ActiveCfg = Release|Any CPU
		{E3B60013-387C-4518-B17D-3718F0B5E2ED}.Release|Any CPU.Build.0 = Release|Any CPU
	EndGlobalSection
	GlobalSection(SolutionProperties) = preSolution
		HideSolutionNode = FALSE
	EndGlobalSection
	GlobalSection(ExtensibilityGlobals) = postSolution
		SolutionGuid = {59F6CAF1-509C-4C87-82FB-98CE856B508B}
	EndGlobalSection
EndGlobal
