
Microsoft Visual Studio Solution File, Format Version 12.00
# Visual Studio 15
VisualStudioVersion = 15.0.26730.16
MinimumVisualStudioVersion = 10.0.40219.1
Project("{FAE04EC0-301F-11D3-BF4B-00C04F79EFBC}") = "01. Sum Matrix Elements", "01. Sum Matrix Elements\01. Sum Matrix Elements.csproj", "{1BBC880B-D1BE-485B-8C10-55AFE9821E37}"
EndProject
Project("{FAE04EC0-301F-11D3-BF4B-00C04F79EFBC}") = "02. Square With Maximum Sum", "2. Square With Maximum Sum\02. Square With Maximum Sum.csproj", "{310DE9CD-62CB-4250-A522-95E7A5C282B2}"
EndProject
Project("{FAE04EC0-301F-11D3-BF4B-00C04F79EFBC}") = "03. Group Numbers", "03. Group Numbers\03. Group Numbers.csproj", "{AD322AC9-4D9E-400F-AF85-DA9F1EAA08C7}"
EndProject
Project("{FAE04EC0-301F-11D3-BF4B-00C04F79EFBC}") = "04. Pascal Triangle", "04. Pascal Triangle\04. Pascal Triangle.csproj", "{47568669-3E11-416F-900F-C2F176CD7613}"
EndProject
Global
	GlobalSection(SolutionConfigurationPlatforms) = preSolution
		Debug|Any CPU = Debug|Any CPU
		Release|Any CPU = Release|Any CPU
	EndGlobalSection
	GlobalSection(ProjectConfigurationPlatforms) = postSolution
		{1BBC880B-D1BE-485B-8C10-55AFE9821E37}.Debug|Any CPU.ActiveCfg = Debug|Any CPU
		{1BBC880B-D1BE-485B-8C10-55AFE9821E37}.Debug|Any CPU.Build.0 = Debug|Any CPU
		{1BBC880B-D1BE-485B-8C10-55AFE9821E37}.Release|Any CPU.ActiveCfg = Release|Any CPU
		{1BBC880B-D1BE-485B-8C10-55AFE9821E37}.Release|Any CPU.Build.0 = Release|Any CPU
		{310DE9CD-62CB-4250-A522-95E7A5C282B2}.Debug|Any CPU.ActiveCfg = Debug|Any CPU
		{310DE9CD-62CB-4250-A522-95E7A5C282B2}.Debug|Any CPU.Build.0 = Debug|Any CPU
		{310DE9CD-62CB-4250-A522-95E7A5C282B2}.Release|Any CPU.ActiveCfg = Release|Any CPU
		{310DE9CD-62CB-4250-A522-95E7A5C282B2}.Release|Any CPU.Build.0 = Release|Any CPU
		{AD322AC9-4D9E-400F-AF85-DA9F1EAA08C7}.Debug|Any CPU.ActiveCfg = Debug|Any CPU
		{AD322AC9-4D9E-400F-AF85-DA9F1EAA08C7}.Debug|Any CPU.Build.0 = Debug|Any CPU
		{AD322AC9-4D9E-400F-AF85-DA9F1EAA08C7}.Release|Any CPU.ActiveCfg = Release|Any CPU
		{AD322AC9-4D9E-400F-AF85-DA9F1EAA08C7}.Release|Any CPU.Build.0 = Release|Any CPU
		{47568669-3E11-416F-900F-C2F176CD7613}.Debug|Any CPU.ActiveCfg = Debug|Any CPU
		{47568669-3E11-416F-900F-C2F176CD7613}.Debug|Any CPU.Build.0 = Debug|Any CPU
		{47568669-3E11-416F-900F-C2F176CD7613}.Release|Any CPU.ActiveCfg = Release|Any CPU
		{47568669-3E11-416F-900F-C2F176CD7613}.Release|Any CPU.Build.0 = Release|Any CPU
	EndGlobalSection
	GlobalSection(SolutionProperties) = preSolution
		HideSolutionNode = FALSE
	EndGlobalSection
	GlobalSection(ExtensibilityGlobals) = postSolution
		SolutionGuid = {AC3F6EDC-3A85-42E7-AD6F-54B2820C8793}
	EndGlobalSection
EndGlobal
