
Microsoft Visual Studio Solution File, Format Version 12.00
# Visual Studio 15
VisualStudioVersion = 15.0.27130.2024
MinimumVisualStudioVersion = 10.0.40219.1
Project("{9A19103F-16F7-4668-BE54-9A1E7A4F7556}") = "01.Array Manipulator", "01.Array Manipulator\01.Array Manipulator.csproj", "{7D12FD3C-3168-4A77-B1F7-3DB4932A4431}"
EndProject
Project("{FAE04EC0-301F-11D3-BF4B-00C04F79EFBC}") = "02.Radioactive Bunnies", "02.Radioactive Bunnies\02.Radioactive Bunnies.csproj", "{DC768E27-9204-4F2D-B682-B85F77DE896C}"
EndProject
Global
	GlobalSection(SolutionConfigurationPlatforms) = preSolution
		Debug|Any CPU = Debug|Any CPU
		Release|Any CPU = Release|Any CPU
	EndGlobalSection
	GlobalSection(ProjectConfigurationPlatforms) = postSolution
		{7D12FD3C-3168-4A77-B1F7-3DB4932A4431}.Debug|Any CPU.ActiveCfg = Debug|Any CPU
		{7D12FD3C-3168-4A77-B1F7-3DB4932A4431}.Debug|Any CPU.Build.0 = Debug|Any CPU
		{7D12FD3C-3168-4A77-B1F7-3DB4932A4431}.Release|Any CPU.ActiveCfg = Release|Any CPU
		{7D12FD3C-3168-4A77-B1F7-3DB4932A4431}.Release|Any CPU.Build.0 = Release|Any CPU
		{DC768E27-9204-4F2D-B682-B85F77DE896C}.Debug|Any CPU.ActiveCfg = Debug|Any CPU
		{DC768E27-9204-4F2D-B682-B85F77DE896C}.Debug|Any CPU.Build.0 = Debug|Any CPU
		{DC768E27-9204-4F2D-B682-B85F77DE896C}.Release|Any CPU.ActiveCfg = Release|Any CPU
		{DC768E27-9204-4F2D-B682-B85F77DE896C}.Release|Any CPU.Build.0 = Release|Any CPU
	EndGlobalSection
	GlobalSection(SolutionProperties) = preSolution
		HideSolutionNode = FALSE
	EndGlobalSection
	GlobalSection(ExtensibilityGlobals) = postSolution
		SolutionGuid = {BF55D547-9193-42BA-BEDE-B6919BAEEF76}
	EndGlobalSection
EndGlobal
