
Microsoft Visual Studio Solution File, Format Version 12.00
# Visual Studio 15
VisualStudioVersion = 15.0.27130.2024
MinimumVisualStudioVersion = 10.0.40219.1
Project("{9A19103F-16F7-4668-BE54-9A1E7A4F7556}") = "01. Odd Lines", "01. Odd Lines\01. Odd Lines.csproj", "{D8B66633-3E12-445F-9DBD-43D781A759DC}"
EndProject
Project("{FAE04EC0-301F-11D3-BF4B-00C04F79EFBC}") = "02. Line Numbers", "02. Line Numbers\02. Line Numbers.csproj", "{E7054B82-A97B-4C2B-AC41-DFC7ED724F48}"
EndProject
Project("{FAE04EC0-301F-11D3-BF4B-00C04F79EFBC}") = "03. Word Count", "03. Word Count\03. Word Count.csproj", "{287342FF-BA88-45B8-9B4C-836DF17E29EA}"
EndProject
Project("{FAE04EC0-301F-11D3-BF4B-00C04F79EFBC}") = "04. Copy Binary File", "04. Copy Binary File\04. Copy Binary File.csproj", "{C230DFC8-7D4B-472A-ACC8-41CE7FFDFCF4}"
EndProject
Project("{FAE04EC0-301F-11D3-BF4B-00C04F79EFBC}") = "05. Slicing-File", "05. Slicing-File\05. Slicing-File.csproj", "{1DB63147-81C1-422D-AEE6-3210BBCE42F1}"
EndProject
Project("{FAE04EC0-301F-11D3-BF4B-00C04F79EFBC}") = "06. Zipping-Sliced-Files", "06. Zipping-Sliced-Files\06. Zipping-Sliced-Files.csproj", "{B22374D0-6133-4DA5-A701-CB8D8E8B5047}"
EndProject
Project("{FAE04EC0-301F-11D3-BF4B-00C04F79EFBC}") = "07. Directory-Traversal", "07. Directory-Traversal\07. Directory-Traversal.csproj", "{7E00C49A-6255-4E40-85B8-CF757F659910}"
EndProject
Project("{FAE04EC0-301F-11D3-BF4B-00C04F79EFBC}") = "08. Full-Directory-Traversal", "08. Full-Directory-Traversal\08. Full-Directory-Traversal.csproj", "{614C3004-F39F-4350-819C-6A17DD9982C1}"
EndProject
Project("{FAE04EC0-301F-11D3-BF4B-00C04F79EFBC}") = "09. HTTP Server", "09. HTTP Server\09. HTTP Server.csproj", "{94D4C035-23F3-4624-8FA1-3ADEF03A455D}"
EndProject
Global
	GlobalSection(SolutionConfigurationPlatforms) = preSolution
		Debug|Any CPU = Debug|Any CPU
		Release|Any CPU = Release|Any CPU
	EndGlobalSection
	GlobalSection(ProjectConfigurationPlatforms) = postSolution
		{D8B66633-3E12-445F-9DBD-43D781A759DC}.Debug|Any CPU.ActiveCfg = Debug|Any CPU
		{D8B66633-3E12-445F-9DBD-43D781A759DC}.Debug|Any CPU.Build.0 = Debug|Any CPU
		{D8B66633-3E12-445F-9DBD-43D781A759DC}.Release|Any CPU.ActiveCfg = Release|Any CPU
		{D8B66633-3E12-445F-9DBD-43D781A759DC}.Release|Any CPU.Build.0 = Release|Any CPU
		{E7054B82-A97B-4C2B-AC41-DFC7ED724F48}.Debug|Any CPU.ActiveCfg = Debug|Any CPU
		{E7054B82-A97B-4C2B-AC41-DFC7ED724F48}.Debug|Any CPU.Build.0 = Debug|Any CPU
		{E7054B82-A97B-4C2B-AC41-DFC7ED724F48}.Release|Any CPU.ActiveCfg = Release|Any CPU
		{E7054B82-A97B-4C2B-AC41-DFC7ED724F48}.Release|Any CPU.Build.0 = Release|Any CPU
		{287342FF-BA88-45B8-9B4C-836DF17E29EA}.Debug|Any CPU.ActiveCfg = Debug|Any CPU
		{287342FF-BA88-45B8-9B4C-836DF17E29EA}.Debug|Any CPU.Build.0 = Debug|Any CPU
		{287342FF-BA88-45B8-9B4C-836DF17E29EA}.Release|Any CPU.ActiveCfg = Release|Any CPU
		{287342FF-BA88-45B8-9B4C-836DF17E29EA}.Release|Any CPU.Build.0 = Release|Any CPU
		{C230DFC8-7D4B-472A-ACC8-41CE7FFDFCF4}.Debug|Any CPU.ActiveCfg = Debug|Any CPU
		{C230DFC8-7D4B-472A-ACC8-41CE7FFDFCF4}.Debug|Any CPU.Build.0 = Debug|Any CPU
		{C230DFC8-7D4B-472A-ACC8-41CE7FFDFCF4}.Release|Any CPU.ActiveCfg = Release|Any CPU
		{C230DFC8-7D4B-472A-ACC8-41CE7FFDFCF4}.Release|Any CPU.Build.0 = Release|Any CPU
		{1DB63147-81C1-422D-AEE6-3210BBCE42F1}.Debug|Any CPU.ActiveCfg = Debug|Any CPU
		{1DB63147-81C1-422D-AEE6-3210BBCE42F1}.Debug|Any CPU.Build.0 = Debug|Any CPU
		{1DB63147-81C1-422D-AEE6-3210BBCE42F1}.Release|Any CPU.ActiveCfg = Release|Any CPU
		{1DB63147-81C1-422D-AEE6-3210BBCE42F1}.Release|Any CPU.Build.0 = Release|Any CPU
		{B22374D0-6133-4DA5-A701-CB8D8E8B5047}.Debug|Any CPU.ActiveCfg = Debug|Any CPU
		{B22374D0-6133-4DA5-A701-CB8D8E8B5047}.Debug|Any CPU.Build.0 = Debug|Any CPU
		{B22374D0-6133-4DA5-A701-CB8D8E8B5047}.Release|Any CPU.ActiveCfg = Release|Any CPU
		{B22374D0-6133-4DA5-A701-CB8D8E8B5047}.Release|Any CPU.Build.0 = Release|Any CPU
		{7E00C49A-6255-4E40-85B8-CF757F659910}.Debug|Any CPU.ActiveCfg = Debug|Any CPU
		{7E00C49A-6255-4E40-85B8-CF757F659910}.Debug|Any CPU.Build.0 = Debug|Any CPU
		{7E00C49A-6255-4E40-85B8-CF757F659910}.Release|Any CPU.ActiveCfg = Release|Any CPU
		{7E00C49A-6255-4E40-85B8-CF757F659910}.Release|Any CPU.Build.0 = Release|Any CPU
		{614C3004-F39F-4350-819C-6A17DD9982C1}.Debug|Any CPU.ActiveCfg = Debug|Any CPU
		{614C3004-F39F-4350-819C-6A17DD9982C1}.Debug|Any CPU.Build.0 = Debug|Any CPU
		{614C3004-F39F-4350-819C-6A17DD9982C1}.Release|Any CPU.ActiveCfg = Release|Any CPU
		{614C3004-F39F-4350-819C-6A17DD9982C1}.Release|Any CPU.Build.0 = Release|Any CPU
		{94D4C035-23F3-4624-8FA1-3ADEF03A455D}.Debug|Any CPU.ActiveCfg = Debug|Any CPU
		{94D4C035-23F3-4624-8FA1-3ADEF03A455D}.Debug|Any CPU.Build.0 = Debug|Any CPU
		{94D4C035-23F3-4624-8FA1-3ADEF03A455D}.Release|Any CPU.ActiveCfg = Release|Any CPU
		{94D4C035-23F3-4624-8FA1-3ADEF03A455D}.Release|Any CPU.Build.0 = Release|Any CPU
	EndGlobalSection
	GlobalSection(SolutionProperties) = preSolution
		HideSolutionNode = FALSE
	EndGlobalSection
	GlobalSection(ExtensibilityGlobals) = postSolution
		SolutionGuid = {D8DE5EB4-B302-4534-988C-F9CB852DC5AF}
	EndGlobalSection
EndGlobal
